<?xml version="1.0" encoding="utf-8"?>
<Project ToolsVersion="4.0" xmlns="http://schemas.microsoft.com/developer/msbuild/2003">
  <ItemGroup>
    <Filter Include="Core">
      <UniqueIdentifier>{6937d3cd-48b2-4adc-a4c3-548459df482a}</UniqueIdentifier>
    </Filter>
    <Filter Include="Dependencies">
      <UniqueIdentifier>{0a1878c8-0edc-4486-ba41-7c41b7619943}</UniqueIdentifier>
    </Filter>
    <Filter Include="Maths">
      <UniqueIdentifier>{1318a2f5-fd67-470a-b29b-59cda0ccf9a2}</UniqueIdentifier>
    </Filter>
    <Filter Include="Memory">
      <UniqueIdentifier>{61c451f4-15c8-4d57-af5a-bcfa487e52a4}</UniqueIdentifier>
    </Filter>
    <Filter Include="OpenGL">
      <UniqueIdentifier>{a228215e-aeb9-4ad4-95e0-e2f6c0982e9b}</UniqueIdentifier>
    </Filter>
    <Filter Include="Objects">
      <UniqueIdentifier>{e0ba185c-c087-4b1f-a0b4-74f5f44106fa}</UniqueIdentifier>
    </Filter>
    <Filter Include="Materials">
      <UniqueIdentifier>{47945303-6f22-4d5d-9e93-e35ec6b34f58}</UniqueIdentifier>
    </Filter>
    <Filter Include="Accelerators">
      <UniqueIdentifier>{eafb924c-1b2b-435f-b76d-73ced3bb668b}</UniqueIdentifier>
    </Filter>
    <Filter Include="Vulkan">
      <UniqueIdentifier>{eef1b730-849c-445a-bea8-d796b4467143}</UniqueIdentifier>
    </Filter>
    <Filter Include="Metal">
      <UniqueIdentifier>{8c9882db-4e57-46f6-a2cf-c00f3ceb71c8}</UniqueIdentifier>
    </Filter>
  </ItemGroup>
  <ItemGroup>
    <ClInclude Include="Core\Camera.h">
      <Filter>Core</Filter>
    </ClInclude>
    <ClInclude Include="Core\Ray.h">
      <Filter>Core</Filter>
    </ClInclude>
    <ClInclude Include="Maths\Basis.h">
      <Filter>Maths</Filter>
    </ClInclude>
    <ClInclude Include="Core\Gaia.h">
      <Filter>Core</Filter>
    </ClInclude>
    <ClInclude Include="Core\Image.h">
      <Filter>Core</Filter>
    </ClInclude>
    <ClInclude Include="Core\Integrator.h">
      <Filter>Core</Filter>
    </ClInclude>
    <ClInclude Include="Core\IntersectionRecord.h">
      <Filter>Core</Filter>
    </ClInclude>
    <ClInclude Include="Core\Tiler.h">
      <Filter>Core</Filter>
    </ClInclude>
    <ClInclude Include="Core\Flags.h">
      <Filter>Core</Filter>
    </ClInclude>
    <ClInclude Include="Dependencies\stb_image.h">
      <Filter>Dependencies</Filter>
    </ClInclude>
    <ClInclude Include="Maths\Pi.h">
      <Filter>Maths</Filter>
    </ClInclude>
    <ClInclude Include="Maths\Random.h">
      <Filter>Maths</Filter>
    </ClInclude>
    <ClInclude Include="Maths\sRGB.h">
      <Filter>Maths</Filter>
    </ClInclude>
    <ClInclude Include="Maths\Vector.h">
      <Filter>Maths</Filter>
    </ClInclude>
    <ClInclude Include="Maths\Colour.h">
      <Filter>Maths</Filter>
    </ClInclude>
    <ClInclude Include="Maths\Matrix.h">
      <Filter>Maths</Filter>
    </ClInclude>
    <ClInclude Include="Memory\CircularBuffer.h">
      <Filter>Memory</Filter>
    </ClInclude>
    <ClInclude Include="Memory\MemoryRegion.h">
      <Filter>Memory</Filter>
    </ClInclude>
    <ClInclude Include="Objects\Object.h">
      <Filter>Objects</Filter>
    </ClInclude>
    <ClInclude Include="OpenGL\GLshader.h">
      <Filter>OpenGL</Filter>
    </ClInclude>
    <ClInclude Include="OpenGL\OpenGLViewport.h">
      <Filter>OpenGL</Filter>
    </ClInclude>
    <ClInclude Include="Objects\ObjectList.h">
      <Filter>Objects</Filter>
    </ClInclude>
    <ClInclude Include="Objects\Sphere.h">
      <Filter>Objects</Filter>
    </ClInclude>
    <ClInclude Include="Core\Scene.h">
      <Filter>Core</Filter>
    </ClInclude>
    <ClInclude Include="Core\Scenes.h">
      <Filter>Core</Filter>
    </ClInclude>
    <ClInclude Include="Materials\Material.h">
      <Filter>Materials</Filter>
    </ClInclude>
    <ClInclude Include="Materials\Lambertian.h">
      <Filter>Materials</Filter>
    </ClInclude>
    <ClInclude Include="Core\ScatteringRecord.h">
      <Filter>Core</Filter>
    </ClInclude>
    <ClInclude Include="Core\Light.h">
      <Filter>Core</Filter>
    </ClInclude>
    <ClInclude Include="Maths\Pdf.h">
      <Filter>Maths</Filter>
    </ClInclude>
    <ClInclude Include="Objects\Triangle.h">
      <Filter>Objects</Filter>
    </ClInclude>
    <ClInclude Include="Dependencies\tiny_obj_loader.h">
      <Filter>Dependencies</Filter>
    </ClInclude>
    <ClInclude Include="Accelerators\AABB.h">
      <Filter>Accelerators</Filter>
    </ClInclude>
    <ClInclude Include="Accelerators\BVH.h">
      <Filter>Accelerators</Filter>
    </ClInclude>
    <ClInclude Include="Materials\AutodeskSurface.h">
      <Filter>Materials</Filter>
    </ClInclude>
    <ClInclude Include="Materials\Texture.h">
      <Filter>Materials</Filter>
    </ClInclude>
    <ClInclude Include="Vulkan\VulkanViewport.h">
      <Filter>Vulkan</Filter>
    </ClInclude>
    <ClInclude Include="Core\Viewport.h">
      <Filter>Core</Filter>
    </ClInclude>
    <ClInclude Include="Metal\MetalViewport.h">
      <Filter>Metal</Filter>
    </ClInclude>
    <ClInclude Include="Dependencies\renderdoc_app.h">
      <Filter>Dependencies</Filter>
    </ClInclude>
    <ClInclude Include="Vulkan\RenderDocDebugging.h">
      <Filter>Vulkan</Filter>
    </ClInclude>
    <ClInclude Include="Materials\TrowbridgeReitz.h">
      <Filter>Materials</Filter>
    </ClInclude>
    <ClInclude Include="Materials\Glass.h">
      <Filter>Materials</Filter>
    </ClInclude>
  </ItemGroup>
  <ItemGroup>
    <ClCompile Include="Core\Camera.cpp">
      <Filter>Core</Filter>
    </ClCompile>
    <ClCompile Include="Core\Gaia.cpp">
      <Filter>Core</Filter>
    </ClCompile>
    <ClCompile Include="Core\Image.cpp">
      <Filter>Core</Filter>
    </ClCompile>
    <ClCompile Include="Core\Integrator.cpp">
      <Filter>Core</Filter>
    </ClCompile>
    <ClCompile Include="Core\IntersectionRecord.cpp">
      <Filter>Core</Filter>
    </ClCompile>
    <ClCompile Include="Core\Ray.cpp">
      <Filter>Core</Filter>
    </ClCompile>
    <ClCompile Include="Core\Scene.cpp">
      <Filter>Core</Filter>
    </ClCompile>
    <ClCompile Include="Core\Tiler.cpp">
      <Filter>Core</Filter>
    </ClCompile>
    <ClCompile Include="Maths\sRGB.cpp">
      <Filter>Maths</Filter>
    </ClCompile>
    <ClCompile Include="Maths\Basis.cpp">
      <Filter>Maths</Filter>
    </ClCompile>
    <ClCompile Include="Maths\Colour.cpp">
      <Filter>Maths</Filter>
    </ClCompile>
    <ClCompile Include="Maths\Random.cpp">
      <Filter>Maths</Filter>
    </ClCompile>
    <ClCompile Include="Memory\MemoryRegion.cpp">
      <Filter>Memory</Filter>
    </ClCompile>
    <ClCompile Include="Objects\Sphere.cpp">
      <Filter>Objects</Filter>
    </ClCompile>
    <ClCompile Include="Objects\Object.cpp">
      <Filter>Objects</Filter>
    </ClCompile>
    <ClCompile Include="Objects\ObjectList.cpp">
      <Filter>Objects</Filter>
    </ClCompile>
    <ClCompile Include="OpenGL\glad.c">
      <Filter>OpenGL</Filter>
    </ClCompile>
    <ClCompile Include="OpenGL\OpenGLViewport.cpp">
      <Filter>OpenGL</Filter>
    </ClCompile>
    <ClCompile Include="main.cpp" />
    <ClCompile Include="Materials\Material.cpp">
      <Filter>Materials</Filter>
    </ClCompile>
    <ClCompile Include="Materials\Lambertian.cpp">
      <Filter>Materials</Filter>
    </ClCompile>
    <ClCompile Include="Core\ScatteringRecord.cpp">
      <Filter>Core</Filter>
    </ClCompile>
    <ClCompile Include="Core\Light.cpp">
      <Filter>Core</Filter>
    </ClCompile>
    <ClCompile Include="Maths\Pdf.cpp">
      <Filter>Maths</Filter>
    </ClCompile>
    <ClCompile Include="Objects\Triangle.cpp">
      <Filter>Objects</Filter>
    </ClCompile>
    <ClCompile Include="Accelerators\AABB.cpp">
      <Filter>Accelerators</Filter>
    </ClCompile>
    <ClCompile Include="Accelerators\BVH.cpp">
      <Filter>Accelerators</Filter>
    </ClCompile>
    <ClCompile Include="Materials\AutodeskSurface.cpp">
      <Filter>Materials</Filter>
    </ClCompile>
    <ClCompile Include="Materials\Texture.cpp">
      <Filter>Materials</Filter>
    </ClCompile>
    <ClCompile Include="Core\Viewport.cpp">
      <Filter>Core</Filter>
    </ClCompile>
    <ClCompile Include="Vulkan\VulkanViewport.cpp">
      <Filter>Vulkan</Filter>
    </ClCompile>
    <ClCompile Include="Vulkan\RenderDocDebugging.cpp">
      <Filter>Vulkan</Filter>
    </ClCompile>
    <ClCompile Include="Materials\TrowbridgeReitz.cpp">
      <Filter>Materials</Filter>
    </ClCompile>
    <ClCompile Include="Materials\Glass.cpp">
      <Filter>Materials</Filter>
    </ClCompile>
  </ItemGroup>
  <ItemGroup>
    <None Include="OpenGL\shader.vert">
      <Filter>OpenGL</Filter>
    </None>
    <None Include="OpenGL\shader.frag">
      <Filter>OpenGL</Filter>
    </None>
    <None Include="Metal\MetalViewport.mm">
      <Filter>Metal</Filter>
    </None>
    <None Include="Vulkan\shader.vert">
      <Filter>Vulkan</Filter>
    </None>
    <None Include="Vulkan\shader.frag">
      <Filter>Vulkan</Filter>
    </None>
    <None Include="Vulkan\shader.comp">
      <Filter>Vulkan</Filter>
    </None>
  </ItemGroup>
</Project>