<?xml version="1.0" encoding="utf-8"?>
<Project ToolsVersion="4.0" xmlns="http://schemas.microsoft.com/developer/msbuild/2003">
  <ItemGroup>
    <Filter Include="Source Files">
      <UniqueIdentifier>{4FC737F1-C7A5-4376-A066-2A32D752A2FF}</UniqueIdentifier>
      <Extensions>cpp;c;cc;cxx;def;odl;idl;hpj;bat;asm;asmx</Extensions>
    </Filter>
    <Filter Include="Header Files">
      <UniqueIdentifier>{93995380-89BD-4b04-88EB-625FBE52EBFB}</UniqueIdentifier>
      <Extensions>h;hh;hpp;hxx;hm;inl;inc;ipp;xsd</Extensions>
    </Filter>
    <Filter Include="Resource Files">
      <UniqueIdentifier>{67DA6AB6-F800-4c08-8B7A-83BB121AAD01}</UniqueIdentifier>
      <Extensions>rc;ico;cur;bmp;dlg;rc2;rct;bin;rgs;gif;jpg;jpeg;jpe;resx;tiff;tif;png;wav;mfcribbon-ms</Extensions>
    </Filter>
    <Filter Include="Source Files\Core">
      <UniqueIdentifier>{32222611-f4f3-4e19-9ede-8ad4e6daa3af}</UniqueIdentifier>
    </Filter>
    <Filter Include="Source Files\OpenGL">
      <UniqueIdentifier>{5d2af90e-1a06-436a-b419-9b2852b7d57c}</UniqueIdentifier>
    </Filter>
    <Filter Include="Source Files\Maths">
      <UniqueIdentifier>{70c92823-cf4a-4983-9bd4-d49d6914bccc}</UniqueIdentifier>
    </Filter>
    <Filter Include="Source Files\Accelerators">
      <UniqueIdentifier>{aae49c02-59a7-4fa7-b280-02b417265d5a}</UniqueIdentifier>
    </Filter>
    <Filter Include="Source Files\Dependencies">
      <UniqueIdentifier>{f15b54a3-518a-4db0-b661-6b3998463e7a}</UniqueIdentifier>
    </Filter>
    <Filter Include="Source Files\Objects">
      <UniqueIdentifier>{479385ee-3a3c-4dc8-b83a-7501f832a8a7}</UniqueIdentifier>
    </Filter>
    <Filter Include="Source Files\Metal">
      <UniqueIdentifier>{b6e9fd2a-75eb-4eb0-bf49-3d5844090dd3}</UniqueIdentifier>
    </Filter>
    <Filter Include="Source Files\Metal\macOS">
      <UniqueIdentifier>{12fa615e-2c0b-45d7-aeda-03ea1d49e953}</UniqueIdentifier>
    </Filter>
    <Filter Include="Source Files\Materials">
      <UniqueIdentifier>{5e9fc010-b3db-4942-909a-2e5ad1952d75}</UniqueIdentifier>
    </Filter>
  </ItemGroup>
  <ItemGroup>
    <ClInclude Include="Accelerators\bvh.h">
      <Filter>Source Files\Accelerators</Filter>
    </ClInclude>
    <ClInclude Include="Accelerators\chunk.h">
      <Filter>Source Files\Accelerators</Filter>
    </ClInclude>
    <ClInclude Include="Accelerators\aabb.h">
      <Filter>Source Files\Accelerators</Filter>
    </ClInclude>
    <ClInclude Include="Core\image_parameters.h">
      <Filter>Source Files\Core</Filter>
    </ClInclude>
    <ClInclude Include="Core\radiance.h">
      <Filter>Source Files\Core</Filter>
    </ClInclude>
    <ClInclude Include="Core\ray.h">
      <Filter>Source Files\Core</Filter>
    </ClInclude>
    <ClInclude Include="Core\save.h">
      <Filter>Source Files\Core</Filter>
    </ClInclude>
    <ClInclude Include="Core\scenes.h">
      <Filter>Source Files\Core</Filter>
    </ClInclude>
    <ClInclude Include="Core\camera.h">
      <Filter>Source Files\Core</Filter>
    </ClInclude>
    <ClInclude Include="Core\cleanup.h">
      <Filter>Source Files\Core</Filter>
    </ClInclude>
    <ClInclude Include="Core\colourGradient.h">
      <Filter>Source Files\Core</Filter>
    </ClInclude>
    <ClInclude Include="Dependencies\tiny_obj_loader.h">
      <Filter>Source Files\Dependencies</Filter>
    </ClInclude>
    <ClInclude Include="Dependencies\stb_image.h">
      <Filter>Source Files\Dependencies</Filter>
    </ClInclude>
    <ClInclude Include="Dependencies\stb_image_write.h">
      <Filter>Source Files\Dependencies</Filter>
    </ClInclude>
    <ClInclude Include="Maths\random.h">
      <Filter>Source Files\Maths</Filter>
    </ClInclude>
    <ClInclude Include="Maths\rotate.h">
      <Filter>Source Files\Maths</Filter>
    </ClInclude>
    <ClInclude Include="Maths\translate.h">
      <Filter>Source Files\Maths</Filter>
    </ClInclude>
    <ClInclude Include="Maths\vec2.h">
      <Filter>Source Files\Maths</Filter>
    </ClInclude>
    <ClInclude Include="Maths\vec3.h">
      <Filter>Source Files\Maths</Filter>
    </ClInclude>
    <ClInclude Include="Maths\vec4.h">
      <Filter>Source Files\Maths</Filter>
    </ClInclude>
    <ClInclude Include="Maths\matrix4.h">
      <Filter>Source Files\Maths</Filter>
    </ClInclude>
    <ClInclude Include="Maths\onb.h">
      <Filter>Source Files\Maths</Filter>
    </ClInclude>
    <ClInclude Include="Maths\pdf.h">
      <Filter>Source Files\Maths</Filter>
    </ClInclude>
    <ClInclude Include="Maths\pi.h">
      <Filter>Source Files\Maths</Filter>
    </ClInclude>
    <ClInclude Include="OpenGL\OpenGL.h">
      <Filter>Source Files\OpenGL</Filter>
    </ClInclude>
    <ClInclude Include="OpenGL\GLshader.h">
      <Filter>Source Files\OpenGL</Filter>
    </ClInclude>
    <ClInclude Include="Objects\mesh.h">
      <Filter>Source Files\Objects</Filter>
    </ClInclude>
    <ClInclude Include="Objects\object.h">
      <Filter>Source Files\Objects</Filter>
    </ClInclude>
    <ClInclude Include="Objects\object_list.h">
      <Filter>Source Files\Objects</Filter>
    </ClInclude>
    <ClInclude Include="Objects\objects.h">
      <Filter>Source Files\Objects</Filter>
    </ClInclude>
    <ClInclude Include="Objects\plane.h">
      <Filter>Source Files\Objects</Filter>
    </ClInclude>
    <ClInclude Include="Objects\sphere.h">
      <Filter>Source Files\Objects</Filter>
    </ClInclude>
    <ClInclude Include="Objects\triangle.h">
      <Filter>Source Files\Objects</Filter>
    </ClInclude>
    <ClInclude Include="Objects\box.h">
      <Filter>Source Files\Objects</Filter>
    </ClInclude>
    <ClInclude Include="Objects\ellipse.h">
      <Filter>Source Files\Objects</Filter>
    </ClInclude>
    <ClInclude Include="Metal\MetalRenderer.h">
      <Filter>Source Files\Metal</Filter>
    </ClInclude>
    <ClInclude Include="Metal\MetalShaderTypes.h">
      <Filter>Source Files\Metal</Filter>
    </ClInclude>
    <ClInclude Include="Metal\ViewController.h">
      <Filter>Source Files\Metal</Filter>
    </ClInclude>
    <ClInclude Include="Metal\AppDelegate.h">
      <Filter>Source Files\Metal</Filter>
    </ClInclude>
    <ClInclude Include="Metal\metalAPI.h">
      <Filter>Source Files\Metal</Filter>
    </ClInclude>
    <ClInclude Include="Materials\diffuse_light.h">
      <Filter>Source Files\Materials</Filter>
    </ClInclude>
    <ClInclude Include="Materials\gooch.h">
      <Filter>Source Files\Materials</Filter>
    </ClInclude>
    <ClInclude Include="Materials\lambert.h">
      <Filter>Source Files\Materials</Filter>
    </ClInclude>
    <ClInclude Include="Materials\material.h">
      <Filter>Source Files\Materials</Filter>
    </ClInclude>
    <ClInclude Include="Materials\materials.h">
      <Filter>Source Files\Materials</Filter>
    </ClInclude>
    <ClInclude Include="Materials\metal.h">
      <Filter>Source Files\Materials</Filter>
    </ClInclude>
    <ClInclude Include="Materials\oren_nayar.h">
      <Filter>Source Files\Materials</Filter>
    </ClInclude>
    <ClInclude Include="Materials\blinnphong.h">
      <Filter>Source Files\Materials</Filter>
    </ClInclude>
    <ClInclude Include="Materials\dielectric.h">
      <Filter>Source Files\Materials</Filter>
    </ClInclude>
    <ClInclude Include="portal.h">
      <Filter>Source Files\Materials</Filter>
    </ClInclude>
  </ItemGroup>
  <ItemGroup>
    <ClCompile Include="Accelerators\bvh.cpp">
      <Filter>Source Files\Accelerators</Filter>
    </ClCompile>
    <ClCompile Include="Accelerators\aabb.cpp">
      <Filter>Source Files\Accelerators</Filter>
    </ClCompile>
    <ClCompile Include="Core\radiance.cpp">
      <Filter>Source Files\Core</Filter>
    </ClCompile>
    <ClCompile Include="Core\cleanup.cpp">
      <Filter>Source Files\Core</Filter>
    </ClCompile>
    <ClCompile Include="Core\Gaia.cpp">
      <Filter>Source Files\Core</Filter>
    </ClCompile>
    <ClCompile Include="Core\image_parameters.cpp">
      <Filter>Source Files\Core</Filter>
    </ClCompile>
    <ClCompile Include="Maths\rotate.cpp">
      <Filter>Source Files\Maths</Filter>
    </ClCompile>
    <ClCompile Include="Maths\translate.cpp">
      <Filter>Source Files\Maths</Filter>
    </ClCompile>
    <ClCompile Include="Maths\onb.cpp">
      <Filter>Source Files\Maths</Filter>
    </ClCompile>
    <ClCompile Include="Maths\random.cpp">
      <Filter>Source Files\Maths</Filter>
    </ClCompile>
    <ClCompile Include="OpenGL\OpenGL.cpp">
      <Filter>Source Files\OpenGL</Filter>
    </ClCompile>
    <ClCompile Include="Objects\mesh.cpp">
      <Filter>Source Files\Objects</Filter>
    </ClCompile>
    <ClCompile Include="Objects\object_list.cpp">
      <Filter>Source Files\Objects</Filter>
    </ClCompile>
    <ClCompile Include="Objects\plane.cpp">
      <Filter>Source Files\Objects</Filter>
    </ClCompile>
    <ClCompile Include="Objects\sphere.cpp">
      <Filter>Source Files\Objects</Filter>
    </ClCompile>
    <ClCompile Include="Objects\triangle.cpp">
      <Filter>Source Files\Objects</Filter>
    </ClCompile>
    <ClCompile Include="Objects\box.cpp">
      <Filter>Source Files\Objects</Filter>
    </ClCompile>
    <ClCompile Include="Objects\ellipse.cpp">
      <Filter>Source Files\Objects</Filter>
    </ClCompile>
    <ClCompile Include="Materials\material.cpp">
      <Filter>Source Files\Materials</Filter>
    </ClCompile>
    <ClCompile Include="Materials\dielectric.cpp">
      <Filter>Source Files\Materials</Filter>
    </ClCompile>
    <ClCompile Include="portal.cpp">
      <Filter>Source Files\Materials</Filter>
    </ClCompile>
  </ItemGroup>
  <ItemGroup>
    <None Include="OpenGL\shader.frag">
      <Filter>Source Files\OpenGL</Filter>
    </None>
    <None Include="OpenGL\shader.vert">
      <Filter>Source Files\OpenGL</Filter>
    </None>
    <None Include="Metal\MetalRenderer.mm">
      <Filter>Source Files\Metal</Filter>
    </None>
    <None Include="Metal\MetalShaders.metal">
      <Filter>Source Files\Metal</Filter>
    </None>
    <None Include="Metal\ViewController.mm">
      <Filter>Source Files\Metal</Filter>
    </None>
    <None Include="Metal\AppDelegate.mm">
      <Filter>Source Files\Metal</Filter>
    </None>
    <None Include="Metal\metalAPI.mm">
      <Filter>Source Files\Metal</Filter>
    </None>
    <None Include="Metal\macOS\Info.plist">
      <Filter>Source Files\Metal\macOS</Filter>
    </None>
    <None Include="Metal\macOS\Main.storyboard">
      <Filter>Source Files\Metal\macOS</Filter>
    </None>
    <None Include="Metal\macOS\Gaia.entitlements">
      <Filter>Source Files\Metal\macOS</Filter>
    </None>
  </ItemGroup>
</Project>