// !$*UTF8*$!
{
	archiveVersion = 1;
	classes = {
	};
	objectVersion = 50;
	objects = {

/* Begin PBXBuildFile section */
		9E540BDA24888D4A0096C607 /* MetalRenderer.mm in Sources */ = {isa = PBXBuildFile; fileRef = 9E540BD924888D4A0096C607 /* MetalRenderer.mm */; };
		9E540BDC24888D670096C607 /* MetalRenderer.h in Sources */ = {isa = PBXBuildFile; fileRef = 9E540BDB24888D670096C607 /* MetalRenderer.h */; };
		9E540BEB2489302C0096C607 /* dielectric.cpp in Sources */ = {isa = PBXBuildFile; fileRef = 9E540BE52489302C0096C607 /* dielectric.cpp */; };
		9E540BEC2489302C0096C607 /* material.cpp in Sources */ = {isa = PBXBuildFile; fileRef = 9E540BE82489302C0096C607 /* material.cpp */; };
		9E540BFB24894B000096C607 /* MetalShaders.metal in Sources */ = {isa = PBXBuildFile; fileRef = 9E540BFA24894B000096C607 /* MetalShaders.metal */; };
		9E540C1124897A610096C607 /* Gaia.cpp in Sources */ = {isa = PBXBuildFile; fileRef = 9E540C0A24897A610096C607 /* Gaia.cpp */; };
		9E540C1224897A610096C607 /* pch.cpp in Sources */ = {isa = PBXBuildFile; fileRef = 9E540C0B24897A610096C607 /* pch.cpp */; };
		9E540C1324897A610096C607 /* radiance.cpp in Sources */ = {isa = PBXBuildFile; fileRef = 9E540C0E24897A610096C607 /* radiance.cpp */; };
		9E540C1424897A610096C607 /* image_parameters.cpp in Sources */ = {isa = PBXBuildFile; fileRef = 9E540C1024897A610096C607 /* image_parameters.cpp */; };
		9E54D2C92488842C0096C607 /* AppDelegate.mm in Sources */ = {isa = PBXBuildFile; fileRef = 9E54D2C82488842C0096C607 /* AppDelegate.mm */; };
		9E54D2CC2488842C0096C607 /* ViewController.mm in Sources */ = {isa = PBXBuildFile; fileRef = 9E54D2CB2488842C0096C607 /* ViewController.mm */; };
		9E54D2CE2488842C0096C607 /* Assets.xcassets in Resources */ = {isa = PBXBuildFile; fileRef = 9E54D2CD2488842C0096C607 /* Assets.xcassets */; };
		9E54D329248884AC0096C607 /* mesh.cpp in Sources */ = {isa = PBXBuildFile; fileRef = 9E54D2F2248884AA0096C607 /* mesh.cpp */; };
		9E54D32A248884AC0096C607 /* box.cpp in Sources */ = {isa = PBXBuildFile; fileRef = 9E54D2F4248884AA0096C607 /* box.cpp */; };
		9E54D32B248884AC0096C607 /* object_list.cpp in Sources */ = {isa = PBXBuildFile; fileRef = 9E54D2F6248884AA0096C607 /* object_list.cpp */; };
		9E54D32C248884AC0096C607 /* triangle.cpp in Sources */ = {isa = PBXBuildFile; fileRef = 9E54D2FA248884AA0096C607 /* triangle.cpp */; };
		9E54D32D248884AC0096C607 /* sphere.cpp in Sources */ = {isa = PBXBuildFile; fileRef = 9E54D2FD248884AA0096C607 /* sphere.cpp */; };
		9E54D32E248884AC0096C607 /* plane.cpp in Sources */ = {isa = PBXBuildFile; fileRef = 9E54D2FF248884AA0096C607 /* plane.cpp */; };
		9E54D32F248884AC0096C607 /* ellipse.cpp in Sources */ = {isa = PBXBuildFile; fileRef = 9E54D300248884AA0096C607 /* ellipse.cpp */; };
		9E54D33A248884AC0096C607 /* MetalAPI.mm in Sources */ = {isa = PBXBuildFile; fileRef = 9E54D318248884AB0096C607 /* MetalAPI.mm */; };
		9E54D33F248885280096C607 /* libosdCPU.3.1.1.dylib in Frameworks */ = {isa = PBXBuildFile; fileRef = 9E54D33E248885280096C607 /* libosdCPU.3.1.1.dylib */; };
		9E54D340248885280096C607 /* libosdCPU.3.1.1.dylib in Embed Libraries */ = {isa = PBXBuildFile; fileRef = 9E54D33E248885280096C607 /* libosdCPU.3.1.1.dylib */; settings = {ATTRIBUTES = (CodeSignOnCopy, ); }; };
		9EE2AC01248A8A050049F5BF /* bvh.cpp in Sources */ = {isa = PBXBuildFile; fileRef = 9EE2ABFC248A8A050049F5BF /* bvh.cpp */; };
		9EE2AC02248A8A050049F5BF /* aabb.cpp in Sources */ = {isa = PBXBuildFile; fileRef = 9EE2ABFE248A8A050049F5BF /* aabb.cpp */; };
		9EE2AC16248A8A200049F5BF /* random.cpp in Sources */ = {isa = PBXBuildFile; fileRef = 9EE2AC0A248A8A200049F5BF /* random.cpp */; };
		9EE2AC17248A8A200049F5BF /* onb.cpp in Sources */ = {isa = PBXBuildFile; fileRef = 9EE2AC0C248A8A200049F5BF /* onb.cpp */; };
		9EE2AC18248A8A200049F5BF /* rotate.cpp in Sources */ = {isa = PBXBuildFile; fileRef = 9EE2AC0E248A8A200049F5BF /* rotate.cpp */; };
		9EE2AC19248A8A200049F5BF /* translate.cpp in Sources */ = {isa = PBXBuildFile; fileRef = 9EE2AC12248A8A200049F5BF /* translate.cpp */; };
		9EE2AC21248A8A260049F5BF /* shader.vert in Resources */ = {isa = PBXBuildFile; fileRef = 9EE2AC1C248A8A260049F5BF /* shader.vert */; };
		9EE2AC22248A8A260049F5BF /* shader.frag in Resources */ = {isa = PBXBuildFile; fileRef = 9EE2AC1D248A8A260049F5BF /* shader.frag */; };
		9EE2AC2C248A8C910049F5BF /* Main.storyboard in Resources */ = {isa = PBXBuildFile; fileRef = 9EE2AC2A248A8C910049F5BF /* Main.storyboard */; };
		9EE2AC5C248AD4570049F5BF /* cleanup.cpp in Sources */ = {isa = PBXBuildFile; fileRef = 9EE2AC5B248AD4570049F5BF /* cleanup.cpp */; };
/* End PBXBuildFile section */

/* Begin PBXCopyFilesBuildPhase section */
		9E54D341248885280096C607 /* Embed Libraries */ = {
			isa = PBXCopyFilesBuildPhase;
			buildActionMask = 2147483647;
			dstPath = "";
			dstSubfolderSpec = 10;
			files = (
				9E54D340248885280096C607 /* libosdCPU.3.1.1.dylib in Embed Libraries */,
			);
			name = "Embed Libraries";
			runOnlyForDeploymentPostprocessing = 0;
		};
/* End PBXCopyFilesBuildPhase section */

/* Begin PBXFileReference section */
		9E540BD924888D4A0096C607 /* MetalRenderer.mm */ = {isa = PBXFileReference; explicitFileType = sourcecode.cpp.objcpp; fileEncoding = 4; path = MetalRenderer.mm; sourceTree = "<group>"; };
		9E540BDB24888D670096C607 /* MetalRenderer.h */ = {isa = PBXFileReference; fileEncoding = 4; lastKnownFileType = sourcecode.c.h; path = MetalRenderer.h; sourceTree = "<group>"; };
		9E540BE02489302C0096C607 /* lambert.h */ = {isa = PBXFileReference; fileEncoding = 4; lastKnownFileType = sourcecode.c.h; path = lambert.h; sourceTree = "<group>"; };
		9E540BE12489302C0096C607 /* dielectric.h */ = {isa = PBXFileReference; fileEncoding = 4; lastKnownFileType = sourcecode.c.h; path = dielectric.h; sourceTree = "<group>"; };
		9E540BE22489302C0096C607 /* materials.h */ = {isa = PBXFileReference; fileEncoding = 4; lastKnownFileType = sourcecode.c.h; path = materials.h; sourceTree = "<group>"; };
		9E540BE32489302C0096C607 /* material.h */ = {isa = PBXFileReference; fileEncoding = 4; lastKnownFileType = sourcecode.c.h; path = material.h; sourceTree = "<group>"; };
		9E540BE42489302C0096C607 /* gooch.h */ = {isa = PBXFileReference; fileEncoding = 4; lastKnownFileType = sourcecode.c.h; path = gooch.h; sourceTree = "<group>"; };
		9E540BE52489302C0096C607 /* dielectric.cpp */ = {isa = PBXFileReference; fileEncoding = 4; lastKnownFileType = sourcecode.cpp.cpp; path = dielectric.cpp; sourceTree = "<group>"; };
		9E540BE62489302C0096C607 /* diffuse_light.h */ = {isa = PBXFileReference; fileEncoding = 4; lastKnownFileType = sourcecode.c.h; path = diffuse_light.h; sourceTree = "<group>"; };
		9E540BE72489302C0096C607 /* metal.h */ = {isa = PBXFileReference; fileEncoding = 4; lastKnownFileType = sourcecode.c.h; path = metal.h; sourceTree = "<group>"; };
		9E540BE82489302C0096C607 /* material.cpp */ = {isa = PBXFileReference; fileEncoding = 4; lastKnownFileType = sourcecode.cpp.cpp; path = material.cpp; sourceTree = "<group>"; };
		9E540BE92489302C0096C607 /* blinnphong.h */ = {isa = PBXFileReference; fileEncoding = 4; lastKnownFileType = sourcecode.c.h; path = blinnphong.h; sourceTree = "<group>"; };
		9E540BEA2489302C0096C607 /* oren_nayar.h */ = {isa = PBXFileReference; fileEncoding = 4; lastKnownFileType = sourcecode.c.h; path = oren_nayar.h; sourceTree = "<group>"; };
		9E540BF924894AE80096C607 /* MetalShaderTypes.h */ = {isa = PBXFileReference; lastKnownFileType = sourcecode.c.h; path = MetalShaderTypes.h; sourceTree = "<group>"; };
		9E540BFA24894B000096C607 /* MetalShaders.metal */ = {isa = PBXFileReference; lastKnownFileType = sourcecode.metal; path = MetalShaders.metal; sourceTree = "<group>"; };
		9E540C0524897A610096C607 /* radiance.h */ = {isa = PBXFileReference; fileEncoding = 4; lastKnownFileType = sourcecode.c.h; path = radiance.h; sourceTree = "<group>"; };
		9E540C0624897A610096C607 /* pch.h */ = {isa = PBXFileReference; fileEncoding = 4; lastKnownFileType = sourcecode.c.h; path = pch.h; sourceTree = "<group>"; };
		9E540C0724897A610096C607 /* scenes.h */ = {isa = PBXFileReference; fileEncoding = 4; lastKnownFileType = sourcecode.c.h; path = scenes.h; sourceTree = "<group>"; };
		9E540C0824897A610096C607 /* camera.h */ = {isa = PBXFileReference; fileEncoding = 4; lastKnownFileType = sourcecode.c.h; path = camera.h; sourceTree = "<group>"; };
		9E540C0924897A610096C607 /* save.h */ = {isa = PBXFileReference; fileEncoding = 4; lastKnownFileType = sourcecode.c.h; path = save.h; sourceTree = "<group>"; };
		9E540C0A24897A610096C607 /* Gaia.cpp */ = {isa = PBXFileReference; fileEncoding = 4; lastKnownFileType = sourcecode.cpp.cpp; path = Gaia.cpp; sourceTree = "<group>"; };
		9E540C0B24897A610096C607 /* pch.cpp */ = {isa = PBXFileReference; fileEncoding = 4; lastKnownFileType = sourcecode.cpp.cpp; path = pch.cpp; sourceTree = "<group>"; };
		9E540C0C24897A610096C607 /* ray.h */ = {isa = PBXFileReference; fileEncoding = 4; lastKnownFileType = sourcecode.c.h; path = ray.h; sourceTree = "<group>"; };
		9E540C0D24897A610096C607 /* colourGradient.h */ = {isa = PBXFileReference; fileEncoding = 4; lastKnownFileType = sourcecode.c.h; path = colourGradient.h; sourceTree = "<group>"; };
		9E540C0E24897A610096C607 /* radiance.cpp */ = {isa = PBXFileReference; fileEncoding = 4; lastKnownFileType = sourcecode.cpp.cpp; path = radiance.cpp; sourceTree = "<group>"; };
		9E540C0F24897A610096C607 /* image_parameters.h */ = {isa = PBXFileReference; fileEncoding = 4; lastKnownFileType = sourcecode.c.h; path = image_parameters.h; sourceTree = "<group>"; };
		9E540C1024897A610096C607 /* image_parameters.cpp */ = {isa = PBXFileReference; fileEncoding = 4; lastKnownFileType = sourcecode.cpp.cpp; path = image_parameters.cpp; sourceTree = "<group>"; };
		9E54D2C42488842C0096C607 /* Gaia.app */ = {isa = PBXFileReference; explicitFileType = wrapper.application; includeInIndex = 0; path = Gaia.app; sourceTree = BUILT_PRODUCTS_DIR; };
		9E54D2C72488842C0096C607 /* AppDelegate.h */ = {isa = PBXFileReference; fileEncoding = 4; lastKnownFileType = sourcecode.c.h; path = AppDelegate.h; sourceTree = "<group>"; };
		9E54D2C82488842C0096C607 /* AppDelegate.mm */ = {isa = PBXFileReference; fileEncoding = 4; lastKnownFileType = sourcecode.cpp.objcpp; path = AppDelegate.mm; sourceTree = "<group>"; };
		9E54D2CA2488842C0096C607 /* ViewController.h */ = {isa = PBXFileReference; fileEncoding = 4; lastKnownFileType = sourcecode.c.h; path = ViewController.h; sourceTree = "<group>"; };
		9E54D2CB2488842C0096C607 /* ViewController.mm */ = {isa = PBXFileReference; fileEncoding = 4; lastKnownFileType = sourcecode.cpp.objcpp; path = ViewController.mm; sourceTree = "<group>"; };
		9E54D2CD2488842C0096C607 /* Assets.xcassets */ = {isa = PBXFileReference; lastKnownFileType = folder.assetcatalog; path = Assets.xcassets; sourceTree = "<group>"; };
		9E54D2F1248884AA0096C607 /* box.h */ = {isa = PBXFileReference; fileEncoding = 4; lastKnownFileType = sourcecode.c.h; path = box.h; sourceTree = "<group>"; };
		9E54D2F2248884AA0096C607 /* mesh.cpp */ = {isa = PBXFileReference; fileEncoding = 4; lastKnownFileType = sourcecode.cpp.cpp; path = mesh.cpp; sourceTree = "<group>"; };
		9E54D2F3248884AA0096C607 /* object_list.h */ = {isa = PBXFileReference; fileEncoding = 4; lastKnownFileType = sourcecode.c.h; path = object_list.h; sourceTree = "<group>"; };
		9E54D2F4248884AA0096C607 /* box.cpp */ = {isa = PBXFileReference; fileEncoding = 4; lastKnownFileType = sourcecode.cpp.cpp; path = box.cpp; sourceTree = "<group>"; };
		9E54D2F5248884AA0096C607 /* sphere.h */ = {isa = PBXFileReference; fileEncoding = 4; lastKnownFileType = sourcecode.c.h; path = sphere.h; sourceTree = "<group>"; };
		9E54D2F6248884AA0096C607 /* object_list.cpp */ = {isa = PBXFileReference; fileEncoding = 4; lastKnownFileType = sourcecode.cpp.cpp; path = object_list.cpp; sourceTree = "<group>"; };
		9E54D2F7248884AA0096C607 /* plane.h */ = {isa = PBXFileReference; fileEncoding = 4; lastKnownFileType = sourcecode.c.h; path = plane.h; sourceTree = "<group>"; };
		9E54D2F8248884AA0096C607 /* mesh.h */ = {isa = PBXFileReference; fileEncoding = 4; lastKnownFileType = sourcecode.c.h; path = mesh.h; sourceTree = "<group>"; };
		9E54D2F9248884AA0096C607 /* objects.h */ = {isa = PBXFileReference; fileEncoding = 4; lastKnownFileType = sourcecode.c.h; path = objects.h; sourceTree = "<group>"; };
		9E54D2FA248884AA0096C607 /* triangle.cpp */ = {isa = PBXFileReference; fileEncoding = 4; lastKnownFileType = sourcecode.cpp.cpp; path = triangle.cpp; sourceTree = "<group>"; };
		9E54D2FB248884AA0096C607 /* object.h */ = {isa = PBXFileReference; fileEncoding = 4; lastKnownFileType = sourcecode.c.h; path = object.h; sourceTree = "<group>"; };
		9E54D2FC248884AA0096C607 /* triangle.h */ = {isa = PBXFileReference; fileEncoding = 4; lastKnownFileType = sourcecode.c.h; path = triangle.h; sourceTree = "<group>"; };
		9E54D2FD248884AA0096C607 /* sphere.cpp */ = {isa = PBXFileReference; fileEncoding = 4; lastKnownFileType = sourcecode.cpp.cpp; path = sphere.cpp; sourceTree = "<group>"; };
		9E54D2FE248884AA0096C607 /* ellipse.h */ = {isa = PBXFileReference; fileEncoding = 4; lastKnownFileType = sourcecode.c.h; path = ellipse.h; sourceTree = "<group>"; };
		9E54D2FF248884AA0096C607 /* plane.cpp */ = {isa = PBXFileReference; fileEncoding = 4; lastKnownFileType = sourcecode.cpp.cpp; path = plane.cpp; sourceTree = "<group>"; };
		9E54D300248884AA0096C607 /* ellipse.cpp */ = {isa = PBXFileReference; fileEncoding = 4; lastKnownFileType = sourcecode.cpp.cpp; path = ellipse.cpp; sourceTree = "<group>"; };
		9E54D317248884AB0096C607 /* MetalAPI.h */ = {isa = PBXFileReference; fileEncoding = 4; lastKnownFileType = sourcecode.c.h; path = MetalAPI.h; sourceTree = "<group>"; };
		9E54D318248884AB0096C607 /* MetalAPI.mm */ = {isa = PBXFileReference; fileEncoding = 4; lastKnownFileType = sourcecode.cpp.objcpp; path = MetalAPI.mm; sourceTree = "<group>"; };
		9E54D33E248885280096C607 /* libosdCPU.3.1.1.dylib */ = {isa = PBXFileReference; lastKnownFileType = "compiled.mach-o.dylib"; name = libosdCPU.3.1.1.dylib; path = "../../../Libraries/USD-build/lib/libosdCPU.3.1.1.dylib"; sourceTree = "<group>"; };
		9E54D342248885DF0096C607 /* libglfw.3.dylib */ = {isa = PBXFileReference; lastKnownFileType = "compiled.mach-o.dylib"; name = libglfw.3.dylib; path = "../../../Libraries/glfw-3.3.2.bin.MACOS/lib-macos/libglfw.3.dylib"; sourceTree = "<group>"; };
		9EE2ABFC248A8A050049F5BF /* bvh.cpp */ = {isa = PBXFileReference; fileEncoding = 4; lastKnownFileType = sourcecode.cpp.cpp; path = bvh.cpp; sourceTree = "<group>"; };
		9EE2ABFD248A8A050049F5BF /* chunk.h */ = {isa = PBXFileReference; fileEncoding = 4; lastKnownFileType = sourcecode.c.h; path = chunk.h; sourceTree = "<group>"; };
		9EE2ABFE248A8A050049F5BF /* aabb.cpp */ = {isa = PBXFileReference; fileEncoding = 4; lastKnownFileType = sourcecode.cpp.cpp; path = aabb.cpp; sourceTree = "<group>"; };
		9EE2ABFF248A8A050049F5BF /* bvh.h */ = {isa = PBXFileReference; fileEncoding = 4; lastKnownFileType = sourcecode.c.h; path = bvh.h; sourceTree = "<group>"; };
		9EE2AC00248A8A050049F5BF /* aabb.h */ = {isa = PBXFileReference; fileEncoding = 4; lastKnownFileType = sourcecode.c.h; path = aabb.h; sourceTree = "<group>"; };
		9EE2AC04248A8A100049F5BF /* stb_image_write.h */ = {isa = PBXFileReference; fileEncoding = 4; lastKnownFileType = sourcecode.c.h; path = stb_image_write.h; sourceTree = "<group>"; };
		9EE2AC05248A8A100049F5BF /* stb_image.h */ = {isa = PBXFileReference; fileEncoding = 4; lastKnownFileType = sourcecode.c.h; path = stb_image.h; sourceTree = "<group>"; };
		9EE2AC06248A8A100049F5BF /* tiny_obj_loader.h */ = {isa = PBXFileReference; fileEncoding = 4; lastKnownFileType = sourcecode.c.h; path = tiny_obj_loader.h; sourceTree = "<group>"; };
		9EE2AC08248A8A200049F5BF /* vec2.h */ = {isa = PBXFileReference; fileEncoding = 4; lastKnownFileType = sourcecode.c.h; path = vec2.h; sourceTree = "<group>"; };
		9EE2AC09248A8A200049F5BF /* pi.h */ = {isa = PBXFileReference; fileEncoding = 4; lastKnownFileType = sourcecode.c.h; path = pi.h; sourceTree = "<group>"; };
		9EE2AC0A248A8A200049F5BF /* random.cpp */ = {isa = PBXFileReference; fileEncoding = 4; lastKnownFileType = sourcecode.cpp.cpp; path = random.cpp; sourceTree = "<group>"; };
		9EE2AC0B248A8A200049F5BF /* translate.h */ = {isa = PBXFileReference; fileEncoding = 4; lastKnownFileType = sourcecode.c.h; path = translate.h; sourceTree = "<group>"; };
		9EE2AC0C248A8A200049F5BF /* onb.cpp */ = {isa = PBXFileReference; fileEncoding = 4; lastKnownFileType = sourcecode.cpp.cpp; path = onb.cpp; sourceTree = "<group>"; };
		9EE2AC0D248A8A200049F5BF /* onb.h */ = {isa = PBXFileReference; fileEncoding = 4; lastKnownFileType = sourcecode.c.h; path = onb.h; sourceTree = "<group>"; };
		9EE2AC0E248A8A200049F5BF /* rotate.cpp */ = {isa = PBXFileReference; fileEncoding = 4; lastKnownFileType = sourcecode.cpp.cpp; path = rotate.cpp; sourceTree = "<group>"; };
		9EE2AC0F248A8A200049F5BF /* matrix4.h */ = {isa = PBXFileReference; fileEncoding = 4; lastKnownFileType = sourcecode.c.h; path = matrix4.h; sourceTree = "<group>"; };
		9EE2AC10248A8A200049F5BF /* vec4.h */ = {isa = PBXFileReference; fileEncoding = 4; lastKnownFileType = sourcecode.c.h; path = vec4.h; sourceTree = "<group>"; };
		9EE2AC11248A8A200049F5BF /* rotate.h */ = {isa = PBXFileReference; fileEncoding = 4; lastKnownFileType = sourcecode.c.h; path = rotate.h; sourceTree = "<group>"; };
		9EE2AC12248A8A200049F5BF /* translate.cpp */ = {isa = PBXFileReference; fileEncoding = 4; lastKnownFileType = sourcecode.cpp.cpp; path = translate.cpp; sourceTree = "<group>"; };
		9EE2AC13248A8A200049F5BF /* vec3.h */ = {isa = PBXFileReference; fileEncoding = 4; lastKnownFileType = sourcecode.c.h; path = vec3.h; sourceTree = "<group>"; };
		9EE2AC14248A8A200049F5BF /* pdf.h */ = {isa = PBXFileReference; fileEncoding = 4; lastKnownFileType = sourcecode.c.h; path = pdf.h; sourceTree = "<group>"; };
		9EE2AC15248A8A200049F5BF /* random.h */ = {isa = PBXFileReference; fileEncoding = 4; lastKnownFileType = sourcecode.c.h; path = random.h; sourceTree = "<group>"; };
		9EE2AC1B248A8A260049F5BF /* OpenGL.h */ = {isa = PBXFileReference; fileEncoding = 4; lastKnownFileType = sourcecode.c.h; path = OpenGL.h; sourceTree = "<group>"; };
		9EE2AC1C248A8A260049F5BF /* shader.vert */ = {isa = PBXFileReference; fileEncoding = 4; lastKnownFileType = sourcecode.glsl; path = shader.vert; sourceTree = "<group>"; };
		9EE2AC1D248A8A260049F5BF /* shader.frag */ = {isa = PBXFileReference; fileEncoding = 4; lastKnownFileType = sourcecode.glsl; path = shader.frag; sourceTree = "<group>"; };
		9EE2AC1E248A8A260049F5BF /* OpenGL.cpp */ = {isa = PBXFileReference; fileEncoding = 4; lastKnownFileType = sourcecode.cpp.cpp; path = OpenGL.cpp; sourceTree = "<group>"; };
		9EE2AC1F248A8A260049F5BF /* glad.c */ = {isa = PBXFileReference; fileEncoding = 4; lastKnownFileType = sourcecode.c.c; path = glad.c; sourceTree = "<group>"; };
		9EE2AC20248A8A260049F5BF /* GLshader.h */ = {isa = PBXFileReference; fileEncoding = 4; lastKnownFileType = sourcecode.c.h; path = GLshader.h; sourceTree = "<group>"; };
		9EE2AC29248A8C910049F5BF /* Gaia.entitlements */ = {isa = PBXFileReference; fileEncoding = 4; lastKnownFileType = text.plist.entitlements; path = Gaia.entitlements; sourceTree = "<group>"; };
		9EE2AC2A248A8C910049F5BF /* Main.storyboard */ = {isa = PBXFileReference; fileEncoding = 4; lastKnownFileType = file.storyboard; path = Main.storyboard; sourceTree = "<group>"; };
		9EE2AC2B248A8C910049F5BF /* Info.plist */ = {isa = PBXFileReference; fileEncoding = 4; lastKnownFileType = text.plist.xml; path = Info.plist; sourceTree = "<group>"; };
		9EE2AC2F248AB7AF0049F5BF /* cleanup.h */ = {isa = PBXFileReference; lastKnownFileType = sourcecode.c.h; path = cleanup.h; sourceTree = "<group>"; };
		9EE2AC5B248AD4570049F5BF /* cleanup.cpp */ = {isa = PBXFileReference; lastKnownFileType = sourcecode.cpp.cpp; path = cleanup.cpp; sourceTree = "<group>"; };
/* End PBXFileReference section */

/* Begin PBXFrameworksBuildPhase section */
		9E54D2C12488842C0096C607 /* Frameworks */ = {
			isa = PBXFrameworksBuildPhase;
			buildActionMask = 2147483647;
			files = (
				9E54D33F248885280096C607 /* libosdCPU.3.1.1.dylib in Frameworks */,
			);
			runOnlyForDeploymentPostprocessing = 0;
		};
/* End PBXFrameworksBuildPhase section */

/* Begin PBXGroup section */
		9E540BDF2489302C0096C607 /* Materials */ = {
			isa = PBXGroup;
			children = (
				9E540BE92489302C0096C607 /* blinnphong.h */,
				9E540BE12489302C0096C607 /* dielectric.h */,
				9E540BE52489302C0096C607 /* dielectric.cpp */,
				9E540BE62489302C0096C607 /* diffuse_light.h */,
				9E540BE42489302C0096C607 /* gooch.h */,
				9E540BE02489302C0096C607 /* lambert.h */,
				9E540BE32489302C0096C607 /* material.h */,
				9E540BE82489302C0096C607 /* material.cpp */,
				9E540BE22489302C0096C607 /* materials.h */,
				9E540BE72489302C0096C607 /* metal.h */,
				9E540BEA2489302C0096C607 /* oren_nayar.h */,
			);
			path = Materials;
			sourceTree = "<group>";
		};
		9E540C0424897A610096C607 /* Core */ = {
			isa = PBXGroup;
			children = (
				9E540C0824897A610096C607 /* camera.h */,
				9E540C0D24897A610096C607 /* colourGradient.h */,
				9E540C0A24897A610096C607 /* Gaia.cpp */,
				9E540C0F24897A610096C607 /* image_parameters.h */,
				9E540C1024897A610096C607 /* image_parameters.cpp */,
				9E540C0624897A610096C607 /* pch.h */,
				9E540C0B24897A610096C607 /* pch.cpp */,
				9E540C0524897A610096C607 /* radiance.h */,
				9E540C0E24897A610096C607 /* radiance.cpp */,
				9E540C0C24897A610096C607 /* ray.h */,
				9E540C0924897A610096C607 /* save.h */,
				9E540C0724897A610096C607 /* scenes.h */,
				9EE2AC2F248AB7AF0049F5BF /* cleanup.h */,
				9EE2AC5B248AD4570049F5BF /* cleanup.cpp */,
			);
			path = Core;
			sourceTree = "<group>";
		};
		9E54D2BB2488842C0096C607 = {
			isa = PBXGroup;
			children = (
				9E54D2C62488842C0096C607 /* Gaia */,
				9E54D2C52488842C0096C607 /* Products */,
				9E54D33D248885280096C607 /* Frameworks */,
			);
			sourceTree = "<group>";
		};
		9E54D2C52488842C0096C607 /* Products */ = {
			isa = PBXGroup;
			children = (
				9E54D2C42488842C0096C607 /* Gaia.app */,
			);
			name = Products;
			sourceTree = "<group>";
		};
		9E54D2C62488842C0096C607 /* Gaia */ = {
			isa = PBXGroup;
			children = (
				9E54D2CD2488842C0096C607 /* Assets.xcassets */,
				9EE2ABFB248A8A050049F5BF /* Accelerators */,
				9E540C0424897A610096C607 /* Core */,
				9EE2AC03248A8A100049F5BF /* Dependencies */,
				9E540BDF2489302C0096C607 /* Materials */,
				9EE2AC07248A8A200049F5BF /* Maths */,
				9E54D314248884AB0096C607 /* Metal */,
				9E54D2F0248884AA0096C607 /* Objects */,
				9EE2AC1A248A8A260049F5BF /* OpenGL */,
			);
			path = Gaia;
			sourceTree = "<group>";
		};
		9E54D2F0248884AA0096C607 /* Objects */ = {
			isa = PBXGroup;
			children = (
				9E54D2F1248884AA0096C607 /* box.h */,
				9E54D2F4248884AA0096C607 /* box.cpp */,
				9E54D2FE248884AA0096C607 /* ellipse.h */,
				9E54D300248884AA0096C607 /* ellipse.cpp */,
				9E54D2F8248884AA0096C607 /* mesh.h */,
				9E54D2F2248884AA0096C607 /* mesh.cpp */,
				9E54D2F3248884AA0096C607 /* object_list.h */,
				9E54D2F6248884AA0096C607 /* object_list.cpp */,
				9E54D2F9248884AA0096C607 /* objects.h */,
				9E54D2FB248884AA0096C607 /* object.h */,
				9E54D2F7248884AA0096C607 /* plane.h */,
				9E54D2FF248884AA0096C607 /* plane.cpp */,
				9E54D2F5248884AA0096C607 /* sphere.h */,
				9E54D2FD248884AA0096C607 /* sphere.cpp */,
				9E54D2FC248884AA0096C607 /* triangle.h */,
				9E54D2FA248884AA0096C607 /* triangle.cpp */,
			);
			path = Objects;
			sourceTree = "<group>";
		};
		9E54D314248884AB0096C607 /* Metal */ = {
			isa = PBXGroup;
			children = (
				9EE2AC28248A8C910049F5BF /* macOS */,
				9E54D2C72488842C0096C607 /* AppDelegate.h */,
				9E54D2C82488842C0096C607 /* AppDelegate.mm */,
				9E54D317248884AB0096C607 /* MetalAPI.h */,
				9E54D318248884AB0096C607 /* MetalAPI.mm */,
				9E540BDB24888D670096C607 /* MetalRenderer.h */,
				9E540BD924888D4A0096C607 /* MetalRenderer.mm */,
				9E540BF924894AE80096C607 /* MetalShaderTypes.h */,
				9E540BFA24894B000096C607 /* MetalShaders.metal */,
				9E54D2CA2488842C0096C607 /* ViewController.h */,
				9E54D2CB2488842C0096C607 /* ViewController.mm */,
			);
			path = Metal;
			sourceTree = "<group>";
		};
		9E54D33D248885280096C607 /* Frameworks */ = {
			isa = PBXGroup;
			children = (
				9E54D342248885DF0096C607 /* libglfw.3.dylib */,
				9E54D33E248885280096C607 /* libosdCPU.3.1.1.dylib */,
			);
			name = Frameworks;
			sourceTree = "<group>";
		};
		9EE2ABFB248A8A050049F5BF /* Accelerators */ = {
			isa = PBXGroup;
			children = (
				9EE2ABFC248A8A050049F5BF /* bvh.cpp */,
				9EE2ABFD248A8A050049F5BF /* chunk.h */,
				9EE2ABFE248A8A050049F5BF /* aabb.cpp */,
				9EE2ABFF248A8A050049F5BF /* bvh.h */,
				9EE2AC00248A8A050049F5BF /* aabb.h */,
			);
			path = Accelerators;
			sourceTree = "<group>";
		};
		9EE2AC03248A8A100049F5BF /* Dependencies */ = {
			isa = PBXGroup;
			children = (
				9EE2AC04248A8A100049F5BF /* stb_image_write.h */,
				9EE2AC05248A8A100049F5BF /* stb_image.h */,
				9EE2AC06248A8A100049F5BF /* tiny_obj_loader.h */,
			);
			name = Dependencies;
			path = Gaia/Dependencies;
			sourceTree = SOURCE_ROOT;
		};
		9EE2AC07248A8A200049F5BF /* Maths */ = {
			isa = PBXGroup;
			children = (
				9EE2AC08248A8A200049F5BF /* vec2.h */,
				9EE2AC09248A8A200049F5BF /* pi.h */,
				9EE2AC0A248A8A200049F5BF /* random.cpp */,
				9EE2AC0B248A8A200049F5BF /* translate.h */,
				9EE2AC0C248A8A200049F5BF /* onb.cpp */,
				9EE2AC0D248A8A200049F5BF /* onb.h */,
				9EE2AC0E248A8A200049F5BF /* rotate.cpp */,
				9EE2AC0F248A8A200049F5BF /* matrix4.h */,
				9EE2AC10248A8A200049F5BF /* vec4.h */,
				9EE2AC11248A8A200049F5BF /* rotate.h */,
				9EE2AC12248A8A200049F5BF /* translate.cpp */,
				9EE2AC13248A8A200049F5BF /* vec3.h */,
				9EE2AC14248A8A200049F5BF /* pdf.h */,
				9EE2AC15248A8A200049F5BF /* random.h */,
			);
			path = Maths;
			sourceTree = "<group>";
		};
		9EE2AC1A248A8A260049F5BF /* OpenGL */ = {
			isa = PBXGroup;
			children = (
				9EE2AC1B248A8A260049F5BF /* OpenGL.h */,
				9EE2AC1C248A8A260049F5BF /* shader.vert */,
				9EE2AC1D248A8A260049F5BF /* shader.frag */,
				9EE2AC1E248A8A260049F5BF /* OpenGL.cpp */,
				9EE2AC1F248A8A260049F5BF /* glad.c */,
				9EE2AC20248A8A260049F5BF /* GLshader.h */,
			);
			path = OpenGL;
			sourceTree = "<group>";
		};
		9EE2AC28248A8C910049F5BF /* macOS */ = {
			isa = PBXGroup;
			children = (
				9EE2AC29248A8C910049F5BF /* Gaia.entitlements */,
				9EE2AC2A248A8C910049F5BF /* Main.storyboard */,
				9EE2AC2B248A8C910049F5BF /* Info.plist */,
			);
			path = macOS;
			sourceTree = "<group>";
		};
/* End PBXGroup section */

/* Begin PBXNativeTarget section */
		9E54D2C32488842C0096C607 /* Gaia */ = {
			isa = PBXNativeTarget;
			buildConfigurationList = 9E54D2D82488842C0096C607 /* Build configuration list for PBXNativeTarget "Gaia" */;
			buildPhases = (
				9E54D341248885280096C607 /* Embed Libraries */,
				9E54D2C02488842C0096C607 /* Sources */,
				9E54D2C12488842C0096C607 /* Frameworks */,
				9E54D2C22488842C0096C607 /* Resources */,
			);
			buildRules = (
			);
			dependencies = (
			);
			name = Gaia;
			productName = "Gaia mac test";
			productReference = 9E54D2C42488842C0096C607 /* Gaia.app */;
			productType = "com.apple.product-type.application";
		};
/* End PBXNativeTarget section */

/* Begin PBXProject section */
		9E54D2BC2488842C0096C607 /* Project object */ = {
			isa = PBXProject;
			attributes = {
				LastUpgradeCheck = 1150;
				ORGANIZATIONNAME = "Alex Richardson";
				TargetAttributes = {
					9E54D2C32488842C0096C607 = {
						CreatedOnToolsVersion = 11.4;
					};
				};
			};
			buildConfigurationList = 9E54D2BF2488842C0096C607 /* Build configuration list for PBXProject "Gaia" */;
			compatibilityVersion = "Xcode 9.3";
			developmentRegion = en;
			hasScannedForEncodings = 0;
			knownRegions = (
				en,
				Base,
			);
			mainGroup = 9E54D2BB2488842C0096C607;
			productRefGroup = 9E54D2C52488842C0096C607 /* Products */;
			projectDirPath = "";
			projectRoot = "";
			targets = (
				9E54D2C32488842C0096C607 /* Gaia */,
			);
		};
/* End PBXProject section */

/* Begin PBXResourcesBuildPhase section */
		9E54D2C22488842C0096C607 /* Resources */ = {
			isa = PBXResourcesBuildPhase;
			buildActionMask = 2147483647;
			files = (
				9EE2AC22248A8A260049F5BF /* shader.frag in Resources */,
				9EE2AC21248A8A260049F5BF /* shader.vert in Resources */,
				9E54D2CE2488842C0096C607 /* Assets.xcassets in Resources */,
				9EE2AC2C248A8C910049F5BF /* Main.storyboard in Resources */,
			);
			runOnlyForDeploymentPostprocessing = 0;
		};
/* End PBXResourcesBuildPhase section */

/* Begin PBXSourcesBuildPhase section */
		9E54D2C02488842C0096C607 /* Sources */ = {
			isa = PBXSourcesBuildPhase;
			buildActionMask = 2147483647;
			files = (
				9EE2AC01248A8A050049F5BF /* bvh.cpp in Sources */,
				9E54D32B248884AC0096C607 /* object_list.cpp in Sources */,
				9EE2AC5C248AD4570049F5BF /* cleanup.cpp in Sources */,
				9EE2AC18248A8A200049F5BF /* rotate.cpp in Sources */,
				9E540BDA24888D4A0096C607 /* MetalRenderer.mm in Sources */,
				9E54D2CC2488842C0096C607 /* ViewController.mm in Sources */,
				9EE2AC19248A8A200049F5BF /* translate.cpp in Sources */,
				9E540C1224897A610096C607 /* pch.cpp in Sources */,
				9E540BFB24894B000096C607 /* MetalShaders.metal in Sources */,
				9E54D33A248884AC0096C607 /* MetalAPI.mm in Sources */,
				9E54D32A248884AC0096C607 /* box.cpp in Sources */,
				9EE2AC17248A8A200049F5BF /* onb.cpp in Sources */,
				9E540BEC2489302C0096C607 /* material.cpp in Sources */,
				9E54D32D248884AC0096C607 /* sphere.cpp in Sources */,
				9E54D2C92488842C0096C607 /* AppDelegate.mm in Sources */,
				9E54D32F248884AC0096C607 /* ellipse.cpp in Sources */,
				9EE2AC16248A8A200049F5BF /* random.cpp in Sources */,
				9E54D329248884AC0096C607 /* mesh.cpp in Sources */,
				9E540BEB2489302C0096C607 /* dielectric.cpp in Sources */,
				9E540C1424897A610096C607 /* image_parameters.cpp in Sources */,
				9E540BDC24888D670096C607 /* MetalRenderer.h in Sources */,
				9E54D32E248884AC0096C607 /* plane.cpp in Sources */,
				9E54D32C248884AC0096C607 /* triangle.cpp in Sources */,
				9E540C1324897A610096C607 /* radiance.cpp in Sources */,
				9EE2AC02248A8A050049F5BF /* aabb.cpp in Sources */,
				9E540C1124897A610096C607 /* Gaia.cpp in Sources */,
			);
			runOnlyForDeploymentPostprocessing = 0;
		};
/* End PBXSourcesBuildPhase section */

/* Begin XCBuildConfiguration section */
		9E54D2D62488842C0096C607 /* Debug */ = {
			isa = XCBuildConfiguration;
			buildSettings = {
				ALWAYS_SEARCH_USER_PATHS = NO;
				ASSETCATALOG_COMPILER_APPICON_NAME = "";
				CLANG_ANALYZER_NONNULL = YES;
				CLANG_ANALYZER_NUMBER_OBJECT_CONVERSION = YES_AGGRESSIVE;
				CLANG_CXX_LANGUAGE_STANDARD = "gnu++14";
				CLANG_CXX_LIBRARY = "libc++";
				CLANG_ENABLE_MODULES = YES;
				CLANG_ENABLE_OBJC_ARC = YES;
				CLANG_ENABLE_OBJC_WEAK = YES;
				CLANG_WARN_BLOCK_CAPTURE_AUTORELEASING = YES;
				CLANG_WARN_BOOL_CONVERSION = YES;
				CLANG_WARN_COMMA = YES;
				CLANG_WARN_CONSTANT_CONVERSION = YES;
				CLANG_WARN_DEPRECATED_OBJC_IMPLEMENTATIONS = YES;
				CLANG_WARN_DIRECT_OBJC_ISA_USAGE = YES_ERROR;
				CLANG_WARN_DOCUMENTATION_COMMENTS = YES;
				CLANG_WARN_EMPTY_BODY = YES;
				CLANG_WARN_ENUM_CONVERSION = YES;
				CLANG_WARN_INFINITE_RECURSION = YES;
				CLANG_WARN_INT_CONVERSION = YES;
				CLANG_WARN_NON_LITERAL_NULL_CONVERSION = YES;
				CLANG_WARN_OBJC_IMPLICIT_RETAIN_SELF = YES;
				CLANG_WARN_OBJC_LITERAL_CONVERSION = YES;
				CLANG_WARN_OBJC_ROOT_CLASS = YES_ERROR;
				CLANG_WARN_RANGE_LOOP_ANALYSIS = YES;
				CLANG_WARN_STRICT_PROTOTYPES = YES;
				CLANG_WARN_SUSPICIOUS_MOVE = YES;
				CLANG_WARN_UNGUARDED_AVAILABILITY = YES_AGGRESSIVE;
				CLANG_WARN_UNREACHABLE_CODE = YES;
				CLANG_WARN__DUPLICATE_METHOD_MATCH = YES;
				COPY_PHASE_STRIP = NO;
				DEBUG_INFORMATION_FORMAT = dwarf;
				ENABLE_STRICT_OBJC_MSGSEND = YES;
				ENABLE_TESTABILITY = YES;
				GCC_C_LANGUAGE_STANDARD = gnu11;
				GCC_DYNAMIC_NO_PIC = NO;
				GCC_NO_COMMON_BLOCKS = YES;
				GCC_OPTIMIZATION_LEVEL = 0;
				GCC_PREPROCESSOR_DEFINITIONS = (
					"DEBUG=1",
					"$(inherited)",
				);
				GCC_WARN_64_TO_32_BIT_CONVERSION = YES;
				GCC_WARN_ABOUT_RETURN_TYPE = YES_ERROR;
				GCC_WARN_UNDECLARED_SELECTOR = YES;
				GCC_WARN_UNINITIALIZED_AUTOS = YES_AGGRESSIVE;
				GCC_WARN_UNUSED_FUNCTION = YES;
				GCC_WARN_UNUSED_VARIABLE = YES;
				HEADER_SEARCH_PATHS = (
					"/Users/alexrichardson/Libraries/USD-build/include",
					"/Users/alexrichardson/Libraries/glfw-3.3.2.bin.MACOS/include/**",
					/Users/alexrichardson/Libraries/Single_Header_Libraries,
					"/Users/alexrichardson/Libraries/OpenGL/include/**",
					/Users/alexrichardson/Libraries/OpenGL/include/GL,
				);
				LIBRARY_SEARCH_PATHS = "/Users/alexrichardson/Libraries/USD-build/lib";
				MACOSX_DEPLOYMENT_TARGET = 10.15;
				MTL_ENABLE_DEBUG_INFO = INCLUDE_SOURCE;
				MTL_FAST_MATH = YES;
				ONLY_ACTIVE_ARCH = YES;
				OTHER_CPLUSPLUSFLAGS = (
					"$(OTHER_CFLAGS)",
					"-fcxx-modules",
				);
				SDKROOT = macosx;
				WARNING_CFLAGS = "";
			};
			name = Debug;
		};
		9E54D2D72488842C0096C607 /* Release */ = {
			isa = XCBuildConfiguration;
			buildSettings = {
				ALWAYS_SEARCH_USER_PATHS = NO;
				ASSETCATALOG_COMPILER_APPICON_NAME = "";
				CLANG_ANALYZER_NONNULL = YES;
				CLANG_ANALYZER_NUMBER_OBJECT_CONVERSION = YES_AGGRESSIVE;
				CLANG_CXX_LANGUAGE_STANDARD = "gnu++14";
				CLANG_CXX_LIBRARY = "libc++";
				CLANG_ENABLE_MODULES = YES;
				CLANG_ENABLE_OBJC_ARC = YES;
				CLANG_ENABLE_OBJC_WEAK = YES;
				CLANG_WARN_BLOCK_CAPTURE_AUTORELEASING = YES;
				CLANG_WARN_BOOL_CONVERSION = YES;
				CLANG_WARN_COMMA = YES;
				CLANG_WARN_CONSTANT_CONVERSION = YES;
				CLANG_WARN_DEPRECATED_OBJC_IMPLEMENTATIONS = YES;
				CLANG_WARN_DIRECT_OBJC_ISA_USAGE = YES_ERROR;
				CLANG_WARN_DOCUMENTATION_COMMENTS = YES;
				CLANG_WARN_EMPTY_BODY = YES;
				CLANG_WARN_ENUM_CONVERSION = YES;
				CLANG_WARN_INFINITE_RECURSION = YES;
				CLANG_WARN_INT_CONVERSION = YES;
				CLANG_WARN_NON_LITERAL_NULL_CONVERSION = YES;
				CLANG_WARN_OBJC_IMPLICIT_RETAIN_SELF = YES;
				CLANG_WARN_OBJC_LITERAL_CONVERSION = YES;
				CLANG_WARN_OBJC_ROOT_CLASS = YES_ERROR;
				CLANG_WARN_RANGE_LOOP_ANALYSIS = YES;
				CLANG_WARN_STRICT_PROTOTYPES = YES;
				CLANG_WARN_SUSPICIOUS_MOVE = YES;
				CLANG_WARN_UNGUARDED_AVAILABILITY = YES_AGGRESSIVE;
				CLANG_WARN_UNREACHABLE_CODE = YES;
				CLANG_WARN__DUPLICATE_METHOD_MATCH = YES;
				COPY_PHASE_STRIP = NO;
				DEBUG_INFORMATION_FORMAT = "dwarf-with-dsym";
				ENABLE_NS_ASSERTIONS = NO;
				ENABLE_STRICT_OBJC_MSGSEND = YES;
				GCC_C_LANGUAGE_STANDARD = gnu11;
				GCC_NO_COMMON_BLOCKS = YES;
				GCC_OPTIMIZATION_LEVEL = 3;
				GCC_WARN_64_TO_32_BIT_CONVERSION = YES;
				GCC_WARN_ABOUT_RETURN_TYPE = YES_ERROR;
				GCC_WARN_UNDECLARED_SELECTOR = YES;
				GCC_WARN_UNINITIALIZED_AUTOS = YES_AGGRESSIVE;
				GCC_WARN_UNUSED_FUNCTION = YES;
				GCC_WARN_UNUSED_VARIABLE = YES;
				HEADER_SEARCH_PATHS = (
					"/Users/alexrichardson/Libraries/USD-build/include",
					"/Users/alexrichardson/Libraries/glfw-3.3.2.bin.MACOS/include/**",
					/Users/alexrichardson/Libraries/Single_Header_Libraries,
					"/Users/alexrichardson/Libraries/OpenGL/include/**",
					/Users/alexrichardson/Libraries/OpenGL/include/GL,
				);
				LIBRARY_SEARCH_PATHS = "/Users/alexrichardson/Libraries/USD-build/lib";
				MACOSX_DEPLOYMENT_TARGET = 10.15;
				MTL_ENABLE_DEBUG_INFO = NO;
				MTL_FAST_MATH = YES;
				OTHER_CPLUSPLUSFLAGS = (
					"$(OTHER_CFLAGS)",
					"-fcxx-modules",
				);
				SDKROOT = macosx;
				WARNING_CFLAGS = "";
			};
			name = Release;
		};
		9E54D2D92488842C0096C607 /* Debug */ = {
			isa = XCBuildConfiguration;
			buildSettings = {
				ASSETCATALOG_COMPILER_APPICON_NAME = AppIcon;
				CODE_SIGN_ENTITLEMENTS = "Gaia/Metal//macOS/Gaia.entitlements";
				CODE_SIGN_IDENTITY = "-";
				CODE_SIGN_STYLE = Automatic;
				COMBINE_HIDPI_IMAGES = YES;
				INFOPLIST_FILE = Gaia/Metal/macOS/Info.plist;
				LD_RUNPATH_SEARCH_PATHS = (
					"$(inherited)",
					"@executable_path/../Frameworks",
				);
				MARKETING_VERSION = 0.3.3;
				PRODUCT_BUNDLE_IDENTIFIER = Alex.Gaia;
				PRODUCT_NAME = "$(TARGET_NAME)";
			};
			name = Debug;
		};
		9E54D2DA2488842C0096C607 /* Release */ = {
			isa = XCBuildConfiguration;
			buildSettings = {
				ASSETCATALOG_COMPILER_APPICON_NAME = AppIcon;
				CODE_SIGN_ENTITLEMENTS = "Gaia/Metal//macOS/Gaia.entitlements";
				CODE_SIGN_IDENTITY = "-";
				CODE_SIGN_STYLE = Automatic;
				COMBINE_HIDPI_IMAGES = YES;
				INFOPLIST_FILE = Gaia/Metal/macOS/Info.plist;
				LD_RUNPATH_SEARCH_PATHS = (
					"$(inherited)",
					"@executable_path/../Frameworks",
				);
				MARKETING_VERSION = 0.3.3;
				PRODUCT_BUNDLE_IDENTIFIER = Alex.Gaia;
				PRODUCT_NAME = "$(TARGET_NAME)";
			};
			name = Release;
		};
/* End XCBuildConfiguration section */

/* Begin XCConfigurationList section */
		9E54D2BF2488842C0096C607 /* Build configuration list for PBXProject "Gaia" */ = {
			isa = XCConfigurationList;
			buildConfigurations = (
				9E54D2D62488842C0096C607 /* Debug */,
				9E54D2D72488842C0096C607 /* Release */,
			);
			defaultConfigurationIsVisible = 0;
			defaultConfigurationName = Release;
		};
		9E54D2D82488842C0096C607 /* Build configuration list for PBXNativeTarget "Gaia" */ = {
			isa = XCConfigurationList;
			buildConfigurations = (
				9E54D2D92488842C0096C607 /* Debug */,
				9E54D2DA2488842C0096C607 /* Release */,
			);
			defaultConfigurationIsVisible = 0;
			defaultConfigurationName = Release;
		};
/* End XCConfigurationList section */
	};
	rootObject = 9E54D2BC2488842C0096C607 /* Project object */;
}
